
Microsoft Visual Studio Solution File, Format Version 12.00
# Visual Studio Version 17
VisualStudioVersion = 17.6.33723.286
MinimumVisualStudioVersion = 10.0.40219.1
Project("{FAE04EC0-301F-11D3-BF4B-00C04F79EFBC}") = "KoboldSharp", "KoboldSharp\KoboldSharp.csproj", "{57893F06-C882-4CBD-AD20-1EE58E208EC0}"
EndProject
Project("{FAE04EC0-301F-11D3-BF4B-00C04F79EFBC}") = "KoboldSharpTest", "KoboldSharpTest\KoboldSharpTest.csproj", "{04345E28-F9AA-4337-A03B-8E861B5887B2}"
EndProject
Global
	GlobalSection(SolutionConfigurationPlatforms) = preSolution
		Debug|Any CPU = Debug|Any CPU
		Release|Any CPU = Release|Any CPU
	EndGlobalSection
	GlobalSection(ProjectConfigurationPlatforms) = postSolution
		{57893F06-C882-4CBD-AD20-1EE58E208EC0}.Debug|Any CPU.ActiveCfg = Debug|Any CPU
		{57893F06-C882-4CBD-AD20-1EE58E208EC0}.Debug|Any CPU.Build.0 = Debug|Any CPU
		{57893F06-C882-4CBD-AD20-1EE58E208EC0}.Release|Any CPU.ActiveCfg = Release|Any CPU
		{57893F06-C882-4CBD-AD20-1EE58E208EC0}.Release|Any CPU.Build.0 = Release|Any CPU
		{04345E28-F9AA-4337-A03B-8E861B5887B2}.Debug|Any CPU.ActiveCfg = Debug|Any CPU
		{04345E28-F9AA-4337-A03B-8E861B5887B2}.Debug|Any CPU.Build.0 = Debug|Any CPU
		{04345E28-F9AA-4337-A03B-8E861B5887B2}.Release|Any CPU.ActiveCfg = Release|Any CPU
		{04345E28-F9AA-4337-A03B-8E861B5887B2}.Release|Any CPU.Build.0 = Release|Any CPU
	EndGlobalSection
	GlobalSection(SolutionProperties) = preSolution
		HideSolutionNode = FALSE
	EndGlobalSection
	GlobalSection(ExtensibilityGlobals) = postSolution
		SolutionGuid = {ACF09354-A378-48AA-87B8-5DE0ADEE41C7}
	EndGlobalSection
EndGlobal
